Microsoft Visual Studio Solution File, Format Version 12.00
# Visual Studio Version 17
VisualStudioVersion = 17.5.2.0
MinimumVisualStudioVersion = 10.0.40219.1
Project("{FAE04EC0-301F-11D3-BF4B-00C04F79EFBC}") = "JAPChallenge", "JAPChallenge.csproj", "{DE71964C-769F-220E-1275-3F06D7B45A92}"
EndProject
Global
	GlobalSection(SolutionConfigurationPlatforms) = preSolution
		Debug|Any CPU = Debug|Any CPU
		Release|Any CPU = Release|Any CPU
	EndGlobalSection
	GlobalSection(ProjectConfigurationPlatforms) = postSolution
		{DE71964C-769F-220E-1275-3F06D7B45A92}.Debug|Any CPU.ActiveCfg = Debug|Any CPU
		{DE71964C-769F-220E-1275-3F06D7B45A92}.Debug|Any CPU.Build.0 = Debug|Any CPU
		{DE71964C-769F-220E-1275-3F06D7B45A92}.Release|Any CPU.ActiveCfg = Release|Any CPU
		{DE71964C-769F-220E-1275-3F06D7B45A92}.Release|Any CPU.Build.0 = Release|Any CPU
	EndGlobalSection
	GlobalSection(SolutionProperties) = preSolution
		HideSolutionNode = FALSE
	EndGlobalSection
	GlobalSection(ExtensibilityGlobals) = postSolution
		SolutionGuid = {D5ADC3BB-7F19-4E34-824C-B9CEB8B3AE9E}
	EndGlobalSection
EndGlobal
